
Microsoft Visual Studio Solution File, Format Version 12.00
# Visual Studio 15
VisualStudioVersion = 15.0.27428.2037
MinimumVisualStudioVersion = 10.0.40219.1
Project("{FAE04EC0-301F-11D3-BF4B-00C04F79EFBC}") = "dnSpy.ScyllaHide.Extension", "dnSpy.ScyllaHide.Extenstion\dnSpy.ScyllaHide.Extension.csproj", "{A2236119-6801-4240-98CF-32E6D408FD5F}"
EndProject
Project("{FAE04EC0-301F-11D3-BF4B-00C04F79EFBC}") = "Example1.Extension", "Example1.Extension\Example1.Extension.csproj", "{B24AAB0F-CA85-4D85-8B46-10D634896E2A}"
EndProject
Project("{FAE04EC0-301F-11D3-BF4B-00C04F79EFBC}") = "Example2.Extension", "Example2.Extension\Example2.Extension.csproj", "{4613C8A1-28DC-4586-9F9B-D201864CFE1A}"
EndProject
Global
	GlobalSection(SolutionConfigurationPlatforms) = preSolution
		Debug|Any CPU = Debug|Any CPU
		Release|Any CPU = Release|Any CPU
	EndGlobalSection
	GlobalSection(ProjectConfigurationPlatforms) = postSolution
		{A2236119-6801-4240-98CF-32E6D408FD5F}.Debug|Any CPU.ActiveCfg = Debug|Any CPU
		{A2236119-6801-4240-98CF-32E6D408FD5F}.Debug|Any CPU.Build.0 = Debug|Any CPU
		{A2236119-6801-4240-98CF-32E6D408FD5F}.Release|Any CPU.ActiveCfg = Release|Any CPU
		{A2236119-6801-4240-98CF-32E6D408FD5F}.Release|Any CPU.Build.0 = Release|Any CPU
		{B24AAB0F-CA85-4D85-8B46-10D634896E2A}.Debug|Any CPU.ActiveCfg = Debug|Any CPU
		{B24AAB0F-CA85-4D85-8B46-10D634896E2A}.Debug|Any CPU.Build.0 = Debug|Any CPU
		{B24AAB0F-CA85-4D85-8B46-10D634896E2A}.Release|Any CPU.ActiveCfg = Release|Any CPU
		{B24AAB0F-CA85-4D85-8B46-10D634896E2A}.Release|Any CPU.Build.0 = Release|Any CPU
		{4613C8A1-28DC-4586-9F9B-D201864CFE1A}.Debug|Any CPU.ActiveCfg = Debug|Any CPU
		{4613C8A1-28DC-4586-9F9B-D201864CFE1A}.Debug|Any CPU.Build.0 = Debug|Any CPU
		{4613C8A1-28DC-4586-9F9B-D201864CFE1A}.Release|Any CPU.ActiveCfg = Release|Any CPU
		{4613C8A1-28DC-4586-9F9B-D201864CFE1A}.Release|Any CPU.Build.0 = Release|Any CPU
	EndGlobalSection
	GlobalSection(SolutionProperties) = preSolution
		HideSolutionNode = FALSE
	EndGlobalSection
	GlobalSection(ExtensibilityGlobals) = postSolution
		SolutionGuid = {B2376B74-3C79-4592-9B7C-B7F10E944F42}
	EndGlobalSection
EndGlobal
